
Microsoft Visual Studio Solution File, Format Version 12.00
# Visual Studio Version 17
VisualStudioVersion = 17.12.35527.113 d17.12
MinimumVisualStudioVersion = 10.0.40219.1
Project("{FAE04EC0-301F-11D3-BF4B-00C04F79EFBC}") = "CIS4583", "CIS4583.csproj", "{6288A0C7-597F-4D03-BAE6-1A8FEE5A2AB9}"
EndProject
Project("{FAE04EC0-301F-11D3-BF4B-00C04F79EFBC}") = "UI", "..\UI\UI.csproj", "{FF8F8D99-0C9C-4223-891A-801F0A26D70F}"
EndProject
Global
	GlobalSection(SolutionConfigurationPlatforms) = preSolution
		Debug|Any CPU = Debug|Any CPU
		Release|Any CPU = Release|Any CPU
	EndGlobalSection
	GlobalSection(ProjectConfigurationPlatforms) = postSolution
		{6288A0C7-597F-4D03-BAE6-1A8FEE5A2AB9}.Debug|Any CPU.ActiveCfg = Debug|Any CPU
		{6288A0C7-597F-4D03-BAE6-1A8FEE5A2AB9}.Debug|Any CPU.Build.0 = Debug|Any CPU
		{6288A0C7-597F-4D03-BAE6-1A8FEE5A2AB9}.Release|Any CPU.ActiveCfg = Release|Any CPU
		{6288A0C7-597F-4D03-BAE6-1A8FEE5A2AB9}.Release|Any CPU.Build.0 = Release|Any CPU
		{FF8F8D99-0C9C-4223-891A-801F0A26D70F}.Debug|Any CPU.ActiveCfg = Debug|Any CPU
		{FF8F8D99-0C9C-4223-891A-801F0A26D70F}.Debug|Any CPU.Build.0 = Debug|Any CPU
		{FF8F8D99-0C9C-4223-891A-801F0A26D70F}.Release|Any CPU.ActiveCfg = Release|Any CPU
		{FF8F8D99-0C9C-4223-891A-801F0A26D70F}.Release|Any CPU.Build.0 = Release|Any CPU
	EndGlobalSection
	GlobalSection(SolutionProperties) = preSolution
		HideSolutionNode = FALSE
	EndGlobalSection
EndGlobal
